
Microsoft Visual Studio Solution File, Format Version 12.00
# Visual Studio Version 16
VisualStudioVersion = 16.0.31911.196
MinimumVisualStudioVersion = 10.0.40219.1
Project("{FAE04EC0-301F-11D3-BF4B-00C04F79EFBC}") = "MusteriBakiyeSeyri", "MusteriBakiyeSeyri\MusteriBakiyeSeyri.csproj", "{755A28A9-83DF-4FA8-AEA9-A52B932F04D5}"
	ProjectSection(ProjectDependencies) = postProject
		{01D18691-6284-40C8-B353-B56127ADF004} = {01D18691-6284-40C8-B353-B56127ADF004}
	EndProjectSection
EndProject
Project("{FAE04EC0-301F-11D3-BF4B-00C04F79EFBC}") = "DataAccessLayer", "DataAccessLayer\DataAccessLayer.csproj", "{01D18691-6284-40C8-B353-B56127ADF004}"
EndProject
Global
	GlobalSection(SolutionConfigurationPlatforms) = preSolution
		Debug|Any CPU = Debug|Any CPU
		Release|Any CPU = Release|Any CPU
	EndGlobalSection
	GlobalSection(ProjectConfigurationPlatforms) = postSolution
		{755A28A9-83DF-4FA8-AEA9-A52B932F04D5}.Debug|Any CPU.ActiveCfg = Debug|Any CPU
		{755A28A9-83DF-4FA8-AEA9-A52B932F04D5}.Debug|Any CPU.Build.0 = Debug|Any CPU
		{755A28A9-83DF-4FA8-AEA9-A52B932F04D5}.Release|Any CPU.ActiveCfg = Release|Any CPU
		{755A28A9-83DF-4FA8-AEA9-A52B932F04D5}.Release|Any CPU.Build.0 = Release|Any CPU
		{01D18691-6284-40C8-B353-B56127ADF004}.Debug|Any CPU.ActiveCfg = Debug|Any CPU
		{01D18691-6284-40C8-B353-B56127ADF004}.Debug|Any CPU.Build.0 = Debug|Any CPU
		{01D18691-6284-40C8-B353-B56127ADF004}.Release|Any CPU.ActiveCfg = Release|Any CPU
		{01D18691-6284-40C8-B353-B56127ADF004}.Release|Any CPU.Build.0 = Release|Any CPU
	EndGlobalSection
	GlobalSection(SolutionProperties) = preSolution
		HideSolutionNode = FALSE
	EndGlobalSection
	GlobalSection(ExtensibilityGlobals) = postSolution
		SolutionGuid = {1DC96EE7-3BAE-48EF-AAA3-7DBD02BF46EA}
	EndGlobalSection
EndGlobal
